<?xml version="1.0" encoding="utf-8"?>
<Project ToolsVersion="4.0" xmlns="http://schemas.microsoft.com/developer/msbuild/2003">
  <ItemGroup>
    <Filter Include="Util">
      <UniqueIdentifier>{60a77fc6-6e75-41cb-9982-81a7fb8ea7b5}</UniqueIdentifier>
    </Filter>
    <Filter Include="Client">
      <UniqueIdentifier>{93995380-89BD-4b04-88EB-625FBE52EBFB}</UniqueIdentifier>
      <Extensions>h;hh;hpp;hxx;h++;hm;inl;inc;ipp;xsd</Extensions>
    </Filter>
    <Filter Include="Engine">
      <UniqueIdentifier>{4FC737F1-C7A5-4376-A066-2A32D752A2FF}</UniqueIdentifier>
      <Extensions>cpp;c;cc;cxx;c++;cppm;ixx;def;odl;idl;hpj;bat;asm;asmx</Extensions>
    </Filter>
    <Filter Include="Engine\장치 초기화">
      <UniqueIdentifier>{102d4326-9dc9-4220-b676-6e3258f1290d}</UniqueIdentifier>
    </Filter>
    <Filter Include="Engine\메쉬%28정점버퍼, 인덱스버퍼, 상수버퍼%29">
      <UniqueIdentifier>{06c650d5-f954-47b3-8cad-092fbeeaa9b3}</UniqueIdentifier>
    </Filter>
    <Filter Include="Engine\텍스처">
      <UniqueIdentifier>{f259c10f-0c6e-4bb9-af46-0bc89ab4d01a}</UniqueIdentifier>
    </Filter>
    <Filter Include="Engine\NetWork">
      <UniqueIdentifier>{48174b3b-bff6-4478-8a49-ab4463ce5d1e}</UniqueIdentifier>
    </Filter>
    <Filter Include="Engine\DSV">
      <UniqueIdentifier>{51a9def4-c21d-4cbb-beb9-4d41558485c6}</UniqueIdentifier>
    </Filter>
    <Filter Include="Engine\GameUtil">
      <UniqueIdentifier>{a5e3dbce-3169-428c-b07b-7ba45f9cdf95}</UniqueIdentifier>
    </Filter>
    <Filter Include="Engine\Animation">
      <UniqueIdentifier>{6edd6423-5574-4611-bb29-b8b060e2cf2d}</UniqueIdentifier>
    </Filter>
    <Filter Include="Engine\Particle">
      <UniqueIdentifier>{ac826e0e-5640-4172-9167-7b6a460081c9}</UniqueIdentifier>
    </Filter>
    <Filter Include="Shader">
      <UniqueIdentifier>{67DA6AB6-F800-4c08-8B7A-83BB121AAD01}</UniqueIdentifier>
      <Extensions>rc;ico;cur;bmp;dlg;rc2;rct;bin;rgs;gif;jpg;jpeg;jpe;resx;tiff;tif;png;wav;mfcribbon-ms</Extensions>
    </Filter>
    <Filter Include="Lobby">
      <UniqueIdentifier>{cd29041a-ccba-4d61-8963-bd9ccdd603b9}</UniqueIdentifier>
    </Filter>
    <Filter Include="Scene">
      <UniqueIdentifier>{64b9f6b8-48dd-4e00-ad97-b5c3b8ae3aa3}</UniqueIdentifier>
    </Filter>
  </ItemGroup>
  <ItemGroup>
    <ClCompile Include="DxEngine.cpp">
      <Filter>Engine</Filter>
    </ClCompile>
    <ClCompile Include="Main.cpp">
      <Filter>Client</Filter>
    </ClCompile>
    <ClCompile Include="CmdQueue.cpp">
      <Filter>Engine\장치 초기화</Filter>
    </ClCompile>
    <ClCompile Include="ConstantBuffer.cpp">
      <Filter>Engine\메쉬%28정점버퍼, 인덱스버퍼, 상수버퍼%29</Filter>
    </ClCompile>
    <ClCompile Include="DescHeap.cpp">
      <Filter>Engine\메쉬%28정점버퍼, 인덱스버퍼, 상수버퍼%29</Filter>
    </ClCompile>
    <ClCompile Include="Device.cpp">
      <Filter>Engine\장치 초기화</Filter>
    </ClCompile>
    <ClCompile Include="IndexBuffer.cpp">
      <Filter>Engine\메쉬%28정점버퍼, 인덱스버퍼, 상수버퍼%29</Filter>
    </ClCompile>
    <ClCompile Include="PSO.cpp">
      <Filter>Engine\메쉬%28정점버퍼, 인덱스버퍼, 상수버퍼%29</Filter>
    </ClCompile>
    <ClCompile Include="RootSignature.cpp">
      <Filter>Engine\메쉬%28정점버퍼, 인덱스버퍼, 상수버퍼%29</Filter>
    </ClCompile>
    <ClCompile Include="RTV.cpp">
      <Filter>Engine\장치 초기화</Filter>
    </ClCompile>
    <ClCompile Include="SwapChain.cpp">
      <Filter>Engine\장치 초기화</Filter>
    </ClCompile>
    <ClCompile Include="VertexBuffer.cpp">
      <Filter>Engine\메쉬%28정점버퍼, 인덱스버퍼, 상수버퍼%29</Filter>
    </ClCompile>
    <ClCompile Include="Texture.cpp">
      <Filter>Engine\텍스처</Filter>
    </ClCompile>
    <ClCompile Include="NetWork_Client.cpp">
      <Filter>Engine\NetWork</Filter>
    </ClCompile>
    <ClCompile Include="DSV.cpp">
      <Filter>Engine\DSV</Filter>
    </ClCompile>
    <ClCompile Include="ObjectLoader.cpp">
      <Filter>Engine\메쉬%28정점버퍼, 인덱스버퍼, 상수버퍼%29</Filter>
    </ClCompile>
    <ClCompile Include="Timer.cpp">
      <Filter>Engine\GameUtil</Filter>
    </ClCompile>
    <ClCompile Include="Camera.cpp">
      <Filter>Engine\GameUtil</Filter>
    </ClCompile>
    <ClCompile Include="Input.cpp">
      <Filter>Engine\GameUtil</Filter>
    </ClCompile>
    <ClCompile Include="ComputeShader.cpp">
      <Filter>Engine\Particle</Filter>
    </ClCompile>
    <ClCompile Include="AnimationObjectLoader.cpp">
      <Filter>Engine\Animation</Filter>
    </ClCompile>
    <ClCompile Include="AnimationObject.cpp">
      <Filter>Engine\Animation</Filter>
    </ClCompile>
    <ClCompile Include="OBJECT.cpp">
      <Filter>Client</Filter>
    </ClCompile>
    <ClCompile Include="MESH.cpp">
      <Filter>Client</Filter>
    </ClCompile>
    <ClCompile Include="lobby_client.cpp">
      <Filter>Lobby</Filter>
    </ClCompile>
    <ClCompile Include="SCENE.cpp">
      <Filter>Scene</Filter>
    </ClCompile>
    <ClCompile Include="TestScene.cpp">
      <Filter>Scene</Filter>
    </ClCompile>
    <ClCompile Include="d11on12.cpp">
      <Filter>Engine\장치 초기화</Filter>
    </ClCompile>
    <ClCompile Include="scene_stage1.cpp">
      <Filter>Scene</Filter>
    </ClCompile>
  </ItemGroup>
  <ItemGroup>
    <ClInclude Include="Util.h">
      <Filter>Util</Filter>
    </ClInclude>
    <ClInclude Include="d3dx12.h">
      <Filter>Util</Filter>
    </ClInclude>
    <ClInclude Include="DirectXTex.h">
      <Filter>Util</Filter>
    </ClInclude>
    <ClInclude Include="DxEngine.h">
      <Filter>Engine</Filter>
    </ClInclude>
    <ClInclude Include="CmdQueue.h">
      <Filter>Engine\장치 초기화</Filter>
    </ClInclude>
    <ClInclude Include="ConstantBuffer.h">
      <Filter>Engine\메쉬%28정점버퍼, 인덱스버퍼, 상수버퍼%29</Filter>
    </ClInclude>
    <ClInclude Include="DescHeap.h">
      <Filter>Engine\메쉬%28정점버퍼, 인덱스버퍼, 상수버퍼%29</Filter>
    </ClInclude>
    <ClInclude Include="Device.h">
      <Filter>Engine\장치 초기화</Filter>
    </ClInclude>
    <ClInclude Include="IndexBuffer.h">
      <Filter>Engine\메쉬%28정점버퍼, 인덱스버퍼, 상수버퍼%29</Filter>
    </ClInclude>
    <ClInclude Include="PSO.h">
      <Filter>Engine\메쉬%28정점버퍼, 인덱스버퍼, 상수버퍼%29</Filter>
    </ClInclude>
    <ClInclude Include="RootSignature.h">
      <Filter>Engine\메쉬%28정점버퍼, 인덱스버퍼, 상수버퍼%29</Filter>
    </ClInclude>
    <ClInclude Include="RTV.h">
      <Filter>Engine\장치 초기화</Filter>
    </ClInclude>
    <ClInclude Include="SwapChain.h">
      <Filter>Engine\장치 초기화</Filter>
    </ClInclude>
    <ClInclude Include="VertexBuffer.h">
      <Filter>Engine\메쉬%28정점버퍼, 인덱스버퍼, 상수버퍼%29</Filter>
    </ClInclude>
    <ClInclude Include="Texture.h">
      <Filter>Engine\텍스처</Filter>
    </ClInclude>
    <ClInclude Include="Client.h">
      <Filter>Client</Filter>
    </ClInclude>
    <ClInclude Include="NetWork_Client.h">
      <Filter>Engine\NetWork</Filter>
    </ClInclude>
    <ClInclude Include="DSV.h">
      <Filter>Engine\DSV</Filter>
    </ClInclude>
    <ClInclude Include="Camera.h">
      <Filter>Engine\GameUtil</Filter>
    </ClInclude>
    <ClInclude Include="ObjectLoader.h">
      <Filter>Engine\메쉬%28정점버퍼, 인덱스버퍼, 상수버퍼%29</Filter>
    </ClInclude>
    <ClInclude Include="Timer.h">
      <Filter>Engine\GameUtil</Filter>
    </ClInclude>
    <ClInclude Include="Input.h">
      <Filter>Engine\GameUtil</Filter>
    </ClInclude>
    <ClInclude Include="SFML.h">
      <Filter>Engine\NetWork</Filter>
    </ClInclude>
    <ClInclude Include="ComputeShader.h">
      <Filter>Engine\Particle</Filter>
    </ClInclude>
    <ClInclude Include="AnimationObject.h">
      <Filter>Engine\Animation</Filter>
    </ClInclude>
    <ClInclude Include="AnimationObjectLoader.h">
      <Filter>Engine\Animation</Filter>
    </ClInclude>
    <ClInclude Include="OBJECT.h">
      <Filter>Client</Filter>
    </ClInclude>
    <ClInclude Include="MESH.h">
      <Filter>Client</Filter>
    </ClInclude>
    <ClInclude Include="lobby_client.h">
      <Filter>Lobby</Filter>
    </ClInclude>
    <ClInclude Include="SCENE.h">
      <Filter>Scene</Filter>
    </ClInclude>
    <ClInclude Include="TestScene.h">
      <Filter>Scene</Filter>
    </ClInclude>
    <ClInclude Include="d11on12.h">
      <Filter>Engine\장치 초기화</Filter>
    </ClInclude>
    <ClInclude Include="scene_stage1.h">
      <Filter>Scene</Filter>
    </ClInclude>
  </ItemGroup>
  <ItemGroup>
    <FxCompile Include="..\Shader.hlsl">
      <Filter>Shader</Filter>
    </FxCompile>
    <FxCompile Include="..\Particle.hlsl">
      <Filter>Shader</Filter>
    </FxCompile>
    <FxCompile Include="..\SkinningAnimation.hlsl">
      <Filter>Shader</Filter>
    </FxCompile>
    <FxCompile Include="..\Bricks.hlsl">
      <Filter>Shader</Filter>
    </FxCompile>
    <FxCompile Include="..\SkySphere.hlsl">
      <Filter>Shader</Filter>
    </FxCompile>
    <FxCompile Include="..\HPBar.hlsl">
      <Filter>Shader</Filter>
    </FxCompile>
    <FxCompile Include="..\ColorPattern.hlsl">
      <Filter>Shader</Filter>
    </FxCompile>
    <FxCompile Include="..\Color.hlsl">
      <Filter>Shader</Filter>
    </FxCompile>
    <FxCompile Include="..\Wall.hlsl">
      <Filter>Shader</Filter>
    </FxCompile>
  </ItemGroup>
  <ItemGroup>
    <None Include="DirectXTex.inl">
      <Filter>Util</Filter>
    </None>
  </ItemGroup>
</Project>